# THIS IS AN AUTOGENERATED FILE. DO NOT EDIT THIS FILE DIRECTLY.
# yarn lockfile v1


"@gerrit0/mini-shiki@^3.17.0":
  version "3.22.0"
  dependencies:
    "@shikijs/engine-oniguruma" "^3.22.0"
    "@shikijs/langs" "^3.22.0"
    "@shikijs/themes" "^3.22.0"
    "@shikijs/types" "^3.22.0"
    "@shikijs/vscode-textmate" "^10.0.2"

"@shikijs/engine-oniguruma@^3.22.0":
  version "3.22.0"
  dependencies:
    "@shikijs/types" "3.22.0"
    "@shikijs/vscode-textmate" "^10.0.2"

"@shikijs/langs@^3.22.0":
  version "3.22.0"
  dependencies:
    "@shikijs/types" "3.22.0"

"@shikijs/themes@^3.22.0":
  version "3.22.0"
  dependencies:
    "@shikijs/types" "3.22.0"

"@shikijs/types@^3.22.0", "@shikijs/types@3.22.0":
  version "3.22.0"
  dependencies:
    "@shikijs/vscode-textmate" "^10.0.2"
    "@types/hast" "^3.0.4"

"@shikijs/vscode-textmate@^10.0.2":
  version "10.0.2"

"@types/hast@^3.0.4":
  version "3.0.4"
  dependencies:
    "@types/unist" "*"

"@types/node@^20.19.6":
  version "20.19.33"
  dependencies:
    undici-types "~6.21.0"

"@types/unist@*":
  version "3.0.3"

argparse@^2.0.1:
  version "2.0.1"

axios@^0.21.4:
  version "0.21.4"
  dependencies:
    follow-redirects "^1.14.0"

balanced-match@^1.0.0:
  version "1.0.2"

brace-expansion@^2.0.1:
  version "2.0.2"
  dependencies:
    balanced-match "^1.0.0"

entities@^4.4.0:
  version "4.5.0"

follow-redirects@^1.14.0:
  version "1.14.9"

linkify-it@^5.0.0:
  version "5.0.0"
  dependencies:
    uc.micro "^2.0.0"

lunr@^2.3.9:
  version "2.3.9"

markdown-it@^14.1.0:
  version "14.1.0"
  dependencies:
    argparse "^2.0.1"
    entities "^4.4.0"
    linkify-it "^5.0.0"
    mdurl "^2.0.0"
    punycode.js "^2.3.1"
    uc.micro "^2.1.0"

mdurl@^2.0.0:
  version "2.0.0"

minimatch@^9.0.5:
  version "9.0.5"
  dependencies:
    brace-expansion "^2.0.1"

punycode.js@^2.3.1:
  version "2.3.1"

typedoc@^0.28.16:
  version "0.28.16"
  dependencies:
    "@gerrit0/mini-shiki" "^3.17.0"
    lunr "^2.3.9"
    markdown-it "^14.1.0"
    minimatch "^9.0.5"
    yaml "^2.8.1"

typescript@^5.9.3, "typescript@5.0.x || 5.1.x || 5.2.x || 5.3.x || 5.4.x || 5.5.x || 5.6.x || 5.7.x || 5.8.x || 5.9.x":
  version "5.9.3"

uc.micro@^2.0.0, uc.micro@^2.1.0:
  version "2.1.0"

undici-types@~6.21.0:
  version "6.21.0"

yaml@^2.8.1:
  version "2.8.2"
